
Microsoft Visual Studio Solution File, Format Version 12.00
# Visual Studio Version 17
VisualStudioVersion = 17.2.32616.157
MinimumVisualStudioVersion = 10.0.40219.1
Project("{FAE04EC0-301F-11D3-BF4B-00C04F79EFBC}") = "csharp-cibi-preferiti", "csharp-cibi-preferiti.csproj", "{56776F6C-BEC2-4579-B4FC-7C0D6C5FA8DD}"
EndProject
Global
	GlobalSection(SolutionConfigurationPlatforms) = preSolution
		Debug|Any CPU = Debug|Any CPU
		Release|Any CPU = Release|Any CPU
	EndGlobalSection
	GlobalSection(ProjectConfigurationPlatforms) = postSolution
		{56776F6C-BEC2-4579-B4FC-7C0D6C5FA8DD}.Debug|Any CPU.ActiveCfg = Debug|Any CPU
		{56776F6C-BEC2-4579-B4FC-7C0D6C5FA8DD}.Debug|Any CPU.Build.0 = Debug|Any CPU
		{56776F6C-BEC2-4579-B4FC-7C0D6C5FA8DD}.Release|Any CPU.ActiveCfg = Release|Any CPU
		{56776F6C-BEC2-4579-B4FC-7C0D6C5FA8DD}.Release|Any CPU.Build.0 = Release|Any CPU
	EndGlobalSection
	GlobalSection(SolutionProperties) = preSolution
		HideSolutionNode = FALSE
	EndGlobalSection
	GlobalSection(ExtensibilityGlobals) = postSolution
		SolutionGuid = {82CD6C63-950A-40D7-AEC3-E7CED74029D3}
	EndGlobalSection
EndGlobal
